
Microsoft Visual Studio Solution File, Format Version 12.00
# Visual Studio 15
VisualStudioVersion = 15.0.27004.2005
MinimumVisualStudioVersion = 10.0.40219.1
Project("{9A19103F-16F7-4668-BE54-9A1E7A4F7556}") = "Traveller", "Traveller\Traveller.csproj", "{88053A78-9394-47D3-BD86-8D3E89215420}"
EndProject
Project("{FAE04EC0-301F-11D3-BF4B-00C04F79EFBC}") = "Traveller.Services", "Traveller.Services\Traveller.Services.csproj", "{CDB15DBF-2D52-4A20-BE22-9F17EFB47AB3}"
EndProject
Global
	GlobalSection(SolutionConfigurationPlatforms) = preSolution
		Debug|Any CPU = Debug|Any CPU
		Release|Any CPU = Release|Any CPU
	EndGlobalSection
	GlobalSection(ProjectConfigurationPlatforms) = postSolution
		{88053A78-9394-47D3-BD86-8D3E89215420}.Debug|Any CPU.ActiveCfg = Debug|Any CPU
		{88053A78-9394-47D3-BD86-8D3E89215420}.Debug|Any CPU.Build.0 = Debug|Any CPU
		{88053A78-9394-47D3-BD86-8D3E89215420}.Release|Any CPU.ActiveCfg = Release|Any CPU
		{88053A78-9394-47D3-BD86-8D3E89215420}.Release|Any CPU.Build.0 = Release|Any CPU
		{CDB15DBF-2D52-4A20-BE22-9F17EFB47AB3}.Debug|Any CPU.ActiveCfg = Debug|Any CPU
		{CDB15DBF-2D52-4A20-BE22-9F17EFB47AB3}.Debug|Any CPU.Build.0 = Debug|Any CPU
		{CDB15DBF-2D52-4A20-BE22-9F17EFB47AB3}.Release|Any CPU.ActiveCfg = Release|Any CPU
		{CDB15DBF-2D52-4A20-BE22-9F17EFB47AB3}.Release|Any CPU.Build.0 = Release|Any CPU
	EndGlobalSection
	GlobalSection(SolutionProperties) = preSolution
		HideSolutionNode = FALSE
	EndGlobalSection
	GlobalSection(ExtensibilityGlobals) = postSolution
		SolutionGuid = {574AF6A3-D6F2-4FA0-BA43-ED1818C1161B}
	EndGlobalSection
EndGlobal
